
Microsoft Visual Studio Solution File, Format Version 12.00
# Visual Studio Version 16
VisualStudioVersion = 16.0.30907.101
MinimumVisualStudioVersion = 10.0.40219.1
Project("{FAE04EC0-301F-11D3-BF4B-00C04F79EFBC}") = "Null-Sector", "Null-Sector\Null-Sector.csproj", "{A250C08A-A0DB-4E12-BBAD-279A087093FC}"
EndProject
Project("{FAE04EC0-301F-11D3-BF4B-00C04F79EFBC}") = "User", "User\User.csproj", "{80004D22-E3B9-4518-A1EE-46F0688DF0F0}"
EndProject
Project("{9A19103F-16F7-4668-BE54-9A1E7A4F7556}") = "Tests", "Tests\Tests.csproj", "{6079A295-D29F-4E29-B1CD-6327E5EB3A63}"
EndProject
Project("{FAE04EC0-301F-11D3-BF4B-00C04F79EFBC}") = "Events", "Events\Events.csproj", "{FAD99F5C-B51D-42CE-96ED-7AEA1FD68407}"
EndProject
Global
	GlobalSection(SolutionConfigurationPlatforms) = preSolution
		Debug|Any CPU = Debug|Any CPU
		Release|Any CPU = Release|Any CPU
	EndGlobalSection
	GlobalSection(ProjectConfigurationPlatforms) = postSolution
		{A250C08A-A0DB-4E12-BBAD-279A087093FC}.Debug|Any CPU.ActiveCfg = Debug|Any CPU
		{A250C08A-A0DB-4E12-BBAD-279A087093FC}.Debug|Any CPU.Build.0 = Debug|Any CPU
		{A250C08A-A0DB-4E12-BBAD-279A087093FC}.Release|Any CPU.ActiveCfg = Release|Any CPU
		{A250C08A-A0DB-4E12-BBAD-279A087093FC}.Release|Any CPU.Build.0 = Release|Any CPU
		{80004D22-E3B9-4518-A1EE-46F0688DF0F0}.Debug|Any CPU.ActiveCfg = Debug|Any CPU
		{80004D22-E3B9-4518-A1EE-46F0688DF0F0}.Debug|Any CPU.Build.0 = Debug|Any CPU
		{80004D22-E3B9-4518-A1EE-46F0688DF0F0}.Release|Any CPU.ActiveCfg = Release|Any CPU
		{80004D22-E3B9-4518-A1EE-46F0688DF0F0}.Release|Any CPU.Build.0 = Release|Any CPU
		{6079A295-D29F-4E29-B1CD-6327E5EB3A63}.Debug|Any CPU.ActiveCfg = Debug|Any CPU
		{6079A295-D29F-4E29-B1CD-6327E5EB3A63}.Debug|Any CPU.Build.0 = Debug|Any CPU
		{6079A295-D29F-4E29-B1CD-6327E5EB3A63}.Release|Any CPU.ActiveCfg = Release|Any CPU
		{6079A295-D29F-4E29-B1CD-6327E5EB3A63}.Release|Any CPU.Build.0 = Release|Any CPU
		{FAD99F5C-B51D-42CE-96ED-7AEA1FD68407}.Debug|Any CPU.ActiveCfg = Debug|Any CPU
		{FAD99F5C-B51D-42CE-96ED-7AEA1FD68407}.Debug|Any CPU.Build.0 = Debug|Any CPU
		{FAD99F5C-B51D-42CE-96ED-7AEA1FD68407}.Release|Any CPU.ActiveCfg = Release|Any CPU
		{FAD99F5C-B51D-42CE-96ED-7AEA1FD68407}.Release|Any CPU.Build.0 = Release|Any CPU
	EndGlobalSection
	GlobalSection(SolutionProperties) = preSolution
		HideSolutionNode = FALSE
	EndGlobalSection
	GlobalSection(ExtensibilityGlobals) = postSolution
		SolutionGuid = {79348984-09A5-44FC-945C-BF82E9C83A28}
	EndGlobalSection
EndGlobal
